<?xml version="1.0" encoding="UTF-8" standalone="yes" ?>
<CodeBlocks_project_file>
	<FileVersion major="1" minor="6" />
	<Project>
		<Option title="lol4" />
		<Option pch_mode="2" />
		<Option compiler="gcc" />
		<Build>
			<Target title="Debug Win32">
				<Option output="..\Debug Win32\lol4" prefix_auto="1" extension_auto="1" />
				<Option object_output="obj\Debug Win32" />
				<Option type="0" />
				<Option compiler="gcc" />
				<Compiler>
					<Add option="-DWIN32" />
					<Add option="-D_DEBUG" />
					<Add option="-D_WINDOWS" />
					<Add option="-DTIXML_USE_STL" />
					<Add option="-W" />
					<Add option="-g" />
					<Add option="-O0" />
					<Add directory="include" />
					<Add directory="$(OGRE_HOME)\include" />
					<Add directory="$(OGRE_HOME)\include\CEGUI" />
					<Add directory="$(OGRE_HOME)\samples\include" />
					<Add directory="$(OGRE_HOME)\ogreaddons\OgreNewt\OgreNewt_Main\inc" />
					<Add directory="$(OGRE_HOME)\ogreaddons\OgreNewt\demos\Include" />
					<Add directory="D:\Programme\NewtonSDK\sdk" />
					<Add directory="$(OGRE_HOME)\Samples\CEGUIRenderer\include" />
					<Add directory="d:\c++\projects\lol4\include" />
					<Add directory="$(OGRE_HOME)\include\OIS" />
					<Add directory="D:\Programme\OpenAL SDK\samples\freealut-1.1.0-bin\freealut-1.1.0-bin\include\AL" />
					<Add directory="D:\ogre\ogreaddons\vorbis\include\vorbis" />
					<Add directory="D:\ogre\ogreaddons\ogg\include\ogg" />
					<Add directory="d:\c++\projects\lol4\zip_utils" />
				</Compiler>
				<ResourceCompiler>
					<Add directory="include" />
					<Add directory="$(OGRE_HOME)\include" />
					<Add directory="$(OGRE_HOME)\include\CEGUI" />
					<Add directory="$(OGRE_HOME)\samples\include" />
					<Add directory="$(OGRE_HOME)\ogreaddons\OgreNewt\OgreNewt_Main\inc" />
					<Add directory="$(OGRE_HOME)\ogreaddons\OgreNewt\demos\Include" />
					<Add directory="D:\Programme\NewtonSDK\sdk" />
					<Add directory="$(OGRE_HOME)\Samples\CEGUIRenderer\include" />
					<Add directory="d:\c++\projects\lol4\include" />
					<Add directory="$(OGRE_HOME)\include\OIS" />
					<Add directory="D:\Programme\OpenAL SDK\samples\freealut-1.1.0-bin\freealut-1.1.0-bin\include\AL" />
					<Add directory="D:\ogre\ogreaddons\vorbis\include\vorbis" />
					<Add directory="D:\ogre\ogreaddons\ogg\include\ogg" />
					<Add directory="d:\c++\projects\lol4\zip_utils" />
				</ResourceCompiler>
				<Linker>
					<Add library="newton" />
					<Add library="OgreMain_d" />
					<Add library="OgreNewt_main_d" />
					<Add library="CEGUIBase_d" />
					<Add library="OgreGUIRenderer_d" />
					<Add library="OIS_d" />
					<Add library="user32" />
					<Add library="OpenAL32" />
					<Add library="alut" />
					<Add library="vorbis_d" />
					<Add library="vorbisfile_d" />
					<Add library="ogg_d" />
					<Add library="EditableTerrainManager_d" />
					<Add directory="D:\Programme\NewtonSDK\sdk\dll" />
					<Add directory="D:\ogre\OgreSDK\lib" />
					<Add directory="D:\ogre\OgreNewt\OgreNewt_Main\lib\debug" />
					<Add directory="$(OGRE_HOME)\Samples\CEGUIRenderer\lib" />
					<Add directory="D:\ogre\OgreSDK\ogreaddons\PLSM2\PlugIns\PagingLandScape2\bin\Debug" />
					<Add directory="D:\ogre\ogreaddons\ogreAL\lib\Debug" />
					<Add directory="D:\Programme\OpenAL SDK\libs\Win32" />
					<Add directory="D:\Programme\OpenAL SDK\samples\freealut-1.1.0-bin\freealut-1.1.0-bin\lib" />
					<Add directory="D:\ogre\ogreaddons\ogg\win32\Dynamic_Debug Win32" />
					<Add directory="D:\ogre\ogreaddons\vorbis\win32\Vorbis_Dynamic_Debug Win32" />
					<Add directory="D:\ogre\ogreaddons\vorbis\win32\VorbisFile_Dynamic_Debug Win32" />
					<Add directory="D:\ogre\ETMv2.2_source\etm-2.2\bin\Debug Win32" />
				</Linker>
			</Target>
			<Target title="Release Win32">
				<Option output="..\Release Win32\lol4" prefix_auto="1" extension_auto="1" />
				<Option object_output="obj\Release Win32" />
				<Option type="0" />
				<Option compiler="gcc" />
				<Compiler>
					<Add option="-DWIN32" />
					<Add option="-DNDEBUG" />
					<Add option="-D_WINDOWS" />
					<Add option="-DTIXML_USE_STL" />
					<Add option="-W" />
					<Add directory="include" />
					<Add directory="$(OGRE_HOME)\include" />
					<Add directory="$(OGRE_HOME)\include\CEGUI" />
					<Add directory="$(OGRE_HOME)\samples\include" />
					<Add directory="$(OGRE_HOME)\ogreaddons\OgreNewt\OgreNewt_Main\inc" />
					<Add directory="$(OGRE_HOME)\ogreaddons\OgreNewt\demos\Include" />
					<Add directory="D:\Programme\NewtonSDK\sdk" />
					<Add directory="$(OGRE_HOME)\Samples\CEGUIRenderer\include" />
					<Add directory="D:\c++\projects\lol4\include" />
					<Add directory="$(OGRE_HOME)\include\OIS" />
					<Add directory="D:\Programme\OpenAL SDK\samples\freealut-1.1.0-bin\freealut-1.1.0-bin\include\AL" />
					<Add directory="D:\ogre\ogreaddons\vorbis\include\vorbis" />
					<Add directory="D:\ogre\ogreaddons\ogg\include\ogg" />
					<Add directory="d:\c++\projects\lol4\zip_utils" />
				</Compiler>
				<ResourceCompiler>
					<Add directory="include" />
					<Add directory="$(OGRE_HOME)\include" />
					<Add directory="$(OGRE_HOME)\include\CEGUI" />
					<Add directory="$(OGRE_HOME)\samples\include" />
					<Add directory="$(OGRE_HOME)\ogreaddons\OgreNewt\OgreNewt_Main\inc" />
					<Add directory="$(OGRE_HOME)\ogreaddons\OgreNewt\demos\Include" />
					<Add directory="D:\Programme\NewtonSDK\sdk" />
					<Add directory="$(OGRE_HOME)\Samples\CEGUIRenderer\include" />
					<Add directory="D:\c++\projects\lol4\include" />
					<Add directory="$(OGRE_HOME)\include\OIS" />
					<Add directory="D:\Programme\OpenAL SDK\samples\freealut-1.1.0-bin\freealut-1.1.0-bin\include\AL" />
					<Add directory="D:\ogre\ogreaddons\vorbis\include\vorbis" />
					<Add directory="D:\ogre\ogreaddons\ogg\include\ogg" />
					<Add directory="d:\c++\projects\lol4\zip_utils" />
				</ResourceCompiler>
				<Linker>
					<Add library="newton" />
					<Add library="OgreMain" />
					<Add library="OgreNewt_main" />
					<Add library="CEGUIBase" />
					<Add library="OgreGUIRenderer" />
					<Add library="OIS" />
					<Add library="user32" />
					<Add library="OpenAL32" />
					<Add library="alut" />
					<Add library="vorbis" />
					<Add library="vorbisfile" />
					<Add library="ogg" />
					<Add library="EditableTerrainManager" />
					<Add directory="D:\Programme\NewtonSDK\sdk\dll" />
					<Add directory="D:\ogre\OgreSDK\lib" />
					<Add directory="D:\ogre\OgreNewt\OgreNewt_Main\lib\release" />
					<Add directory="$(OGRE_HOME)\Samples\CEGUIRenderer\lib" />
					<Add directory="D:\ogre\OgreSDK\samples\lib\release" />
					<Add directory="D:\ogre\OgreSDK\ogreaddons\PLSM2\PlugIns\PagingLandScape2\bin\Release" />
					<Add directory="D:\ogre\OgreSDK\ogreaddons\OgreNewt\OgreNewt_Main\lib\debug" />
					<Add directory="D:\ogre\ogreaddons\ogreAL\lib\Release" />
					<Add directory="D:\Programme\OpenAL SDK\libs\Win32" />
					<Add directory="D:\Programme\OpenAL SDK\samples\freealut-1.1.0-bin\freealut-1.1.0-bin\lib" />
					<Add directory="D:\ogre\ogreaddons\ogg\win32\Dynamic_Release Win32" />
					<Add directory="D:\ogre\ogreaddons\vorbis\win32\Vorbis_Dynamic_Release Win32" />
					<Add directory="D:\ogre\ogreaddons\vorbis\win32\VorbisFile_Dynamic_Release Win32" />
					<Add directory="D:\ogre\ETMv2.2_source\etm-2.2\bin\Release Win32" />
				</Linker>
			</Target>
		</Build>
		<Unit filename="docs\ReadMe.txt" />
		<Unit filename="include\ai.h" />
		<Unit filename="..\include\contactCallback.h" />
		<Unit filename="..\include\data.h" />
		<Unit filename="..\include\defines.h" />
		<Unit filename="include\FrameListener.h" />
		<Unit filename="..\include\functions.h" />
		<Unit filename="..\include\FwDec.h" />
		<Unit filename="include\GameApp.h" />
		<Unit filename="..\include\gamedata.h" />
		<Unit filename="include\guiwrapper.h" />
		<Unit filename="..\include\inventory.h" />
		<Unit filename="..\include\Level.h" />
		<Unit filename="..\include\smallclasses.h" />
		<Unit filename="..\include\spellbook.h" />
		<Unit filename="..\include\SpellEffect.h" />
		<Unit filename="..\include\StandardApplication.h" />
		<Unit filename="..\include\unikey.h" />
		<Unit filename="..\include\WorldArt.h" />
		<Unit filename="res\lol4.ico" />
		<Unit filename="res\lol4.rc">
			<Option compilerVar="WINDRES" />
		</Unit>
		<Unit filename="res\Resource.h" />
		<Unit filename="..\src\tinystr.cpp" />
		<Unit filename="..\include\tinystr.h" />
		<Unit filename="..\src\tinyxml.cpp" />
		<Unit filename="..\include\tinyxml.h" />
		<Unit filename="..\src\tinyxmlerror.cpp" />
		<Unit filename="..\src\tinyxmlparser.cpp" />
		<Unit filename="..\src\beamObject.cpp" />
		<Unit filename="..\src\ContainerObject.cpp" />
		<Unit filename="..\src\DoorObject.cpp" />
		<Unit filename="..\src\DynamicObject.cpp" />
		<Unit filename="..\src\ExplosionObject.cpp" />
		<Unit filename="..\src\GameChar.cpp" />
		<Unit filename="..\src\GameItem.cpp" />
		<Unit filename="..\src\GameObject.cpp" />
		<Unit filename="..\src\LightObject.cpp" />
		<Unit filename="..\src\MissileObject.cpp" />
		<Unit filename="..\src\StaticObject.cpp" />
		<Unit filename="..\src\waterplane.cpp" />
		<Unit filename="..\include\beamObject.h" />
		<Unit filename="..\include\ContainerObject.h" />
		<Unit filename="..\include\DoorObject.h" />
		<Unit filename="..\include\DynamicObject.h" />
		<Unit filename="..\include\ExplosionObject.h" />
		<Unit filename="..\include\GameChar.h" />
		<Unit filename="..\include\GameItem.h" />
		<Unit filename="..\include\GameObject.h" />
		<Unit filename="..\include\LightObject.h" />
		<Unit filename="..\include\MissileObject.h" />
		<Unit filename="..\include\StaticObject.h" />
		<Unit filename="..\include\waterplane.h" />
		<Unit filename="src\ai.cpp" />
		<Unit filename="..\src\contactCallback.cpp" />
		<Unit filename="src\FrameListener.cpp" />
		<Unit filename="..\src\functions.cpp" />
		<Unit filename="src\GameApp.cpp" />
		<Unit filename="..\src\gamedata.cpp" />
		<Unit filename="src\guiwrapper.cpp" />
		<Unit filename="..\src\inventory.cpp" />
		<Unit filename="..\src\Level.cpp" />
		<Unit filename="src\lol4.cpp" />
		<Unit filename="..\src\spellbook.cpp" />
		<Unit filename="..\src\SpellEffect.cpp" />
		<Unit filename="..\src\StandardApplication.cpp" />
		<Unit filename="..\src\unikey.cpp" />
		<Unit filename="..\src\WorldArt.cpp" />
		<Unit filename="..\include\Buffer.h" />
		<Unit filename="..\include\Listener.h" />
		<Unit filename="..\include\Sound.h" />
		<Unit filename="..\include\SoundManager.h" />
		<Unit filename="..\include\Source.h" />
		<Unit filename="..\src\Listener.cpp" />
		<Unit filename="..\src\SoundManager.cpp" />
		<Unit filename="..\src\Source.cpp" />
		<Unit filename="..\zip_utils\unzip.cpp" />
		<Unit filename="..\zip_utils\unzip.h" />
		<Unit filename="..\zip_utils\zip.cpp" />
		<Unit filename="..\zip_utils\zip.h" />
		<Unit filename="..\src\ZipSaveFile.cpp" />
		<Unit filename="..\include\ZipSaveFile.h" />
		<Unit filename="..\src\xmlwrapper.cpp" />
		<Unit filename="..\include\xmlwrapper.h" />
		<Extensions>
			<code_completion />
			<debugger />
		</Extensions>
	</Project>
</CodeBlocks_project_file>
